
Microsoft Visual Studio Solution File, Format Version 12.00
# Visual Studio Version 16
VisualStudioVersion = 25.0.1706.14
MinimumVisualStudioVersion = 10.0.40219.1
Project("{FAE04EC0-301F-11D3-BF4B-00C04F79EFBC}") = "AmpereMSTest", "AmpereMSTest.csproj", "{FC5B4964-B58E-43AA-A5D8-C5020F2E206D}"
EndProject
Global
	GlobalSection(SolutionConfigurationPlatforms) = preSolution
		Debug|Any CPU = Debug|Any CPU
		Release|Any CPU = Release|Any CPU
	EndGlobalSection
	GlobalSection(ProjectConfigurationPlatforms) = postSolution
		{FC5B4964-B58E-43AA-A5D8-C5020F2E206D}.Debug|Any CPU.ActiveCfg = Debug|Any CPU
		{FC5B4964-B58E-43AA-A5D8-C5020F2E206D}.Debug|Any CPU.Build.0 = Debug|Any CPU
		{FC5B4964-B58E-43AA-A5D8-C5020F2E206D}.Release|Any CPU.ActiveCfg = Release|Any CPU
		{FC5B4964-B58E-43AA-A5D8-C5020F2E206D}.Release|Any CPU.Build.0 = Release|Any CPU
	EndGlobalSection
	GlobalSection(SolutionProperties) = preSolution
		HideSolutionNode = FALSE
	EndGlobalSection
	GlobalSection(ExtensibilityGlobals) = postSolution
		SolutionGuid = {1681649C-3E65-4446-A660-03AF14DB4C23}
	EndGlobalSection
EndGlobal
